
Microsoft Visual Studio Solution File, Format Version 12.00
# Visual Studio Version 17
VisualStudioVersion = 17.7.34031.279
MinimumVisualStudioVersion = 10.0.40219.1
Project("{FAE04EC0-301F-11D3-BF4B-00C04F79EFBC}") = "Pessoas", "Pessoas\Pessoas.csproj", "{F4E84A86-5044-4377-9B59-6F51C10B5147}"
EndProject
Project("{FAE04EC0-301F-11D3-BF4B-00C04F79EFBC}") = "Assistencias", "Assistencias\Assistencias.csproj", "{8EAA5657-63AF-45A9-8529-83BBB4949980}"
EndProject
Project("{FAE04EC0-301F-11D3-BF4B-00C04F79EFBC}") = "Outros", "Outros\Outros.csproj", "{9EF39D30-01BA-40D3-BE43-CB67AD8C8948}"
EndProject
Project("{FAE04EC0-301F-11D3-BF4B-00C04F79EFBC}") = "Interfaces", "Interfaces\Interfaces.csproj", "{082C4622-9813-4F73-95F4-C75A89F28F2C}"
EndProject
Project("{FAE04EC0-301F-11D3-BF4B-00C04F79EFBC}") = "Excecoes", "Excecoes\Excecoes.csproj", "{14E99C9E-BA0E-4144-82F2-53B45BC5EF53}"
EndProject
Project("{FAE04EC0-301F-11D3-BF4B-00C04F79EFBC}") = "Dados", "Dados\Dados.csproj", "{5A0506DB-167D-4BFD-BAC7-16137D93F95A}"
EndProject
Project("{FAE04EC0-301F-11D3-BF4B-00C04F79EFBC}") = "ObjetosNegocio", "ObjetosNegocio\ObjetosNegocio.csproj", "{E896343A-E445-4E75-A7AB-3EE8B9E61494}"
EndProject
Project("{FAE04EC0-301F-11D3-BF4B-00C04F79EFBC}") = "RegrasNegocio", "RegrasNegocio\RegrasNegocio.csproj", "{EADF75CC-90BD-43DF-8173-8A2DC29CEFB2}"
EndProject
Project("{FAE04EC0-301F-11D3-BF4B-00C04F79EFBC}") = "GereAssistencias", "GereAssistencias\GereAssistencias.csproj", "{F048508C-5EC0-4F06-BC6E-3EB32BCC9228}"
EndProject
Project("{FAE04EC0-301F-11D3-BF4B-00C04F79EFBC}") = "TestesAssists", "TestesAssists\TestesAssists.csproj", "{15EC7C87-C8DD-4B40-AD40-FB474C64CED8}"
EndProject
Project("{FAE04EC0-301F-11D3-BF4B-00C04F79EFBC}") = "Desktop", "Desktop\Desktop.csproj", "{442C9992-0109-41D6-9B0F-336CD7473F0E}"
EndProject
Global
	GlobalSection(SolutionConfigurationPlatforms) = preSolution
		Debug|Any CPU = Debug|Any CPU
		Release|Any CPU = Release|Any CPU
	EndGlobalSection
	GlobalSection(ProjectConfigurationPlatforms) = postSolution
		{F4E84A86-5044-4377-9B59-6F51C10B5147}.Debug|Any CPU.ActiveCfg = Debug|Any CPU
		{F4E84A86-5044-4377-9B59-6F51C10B5147}.Debug|Any CPU.Build.0 = Debug|Any CPU
		{F4E84A86-5044-4377-9B59-6F51C10B5147}.Release|Any CPU.ActiveCfg = Release|Any CPU
		{F4E84A86-5044-4377-9B59-6F51C10B5147}.Release|Any CPU.Build.0 = Release|Any CPU
		{8EAA5657-63AF-45A9-8529-83BBB4949980}.Debug|Any CPU.ActiveCfg = Debug|Any CPU
		{8EAA5657-63AF-45A9-8529-83BBB4949980}.Debug|Any CPU.Build.0 = Debug|Any CPU
		{8EAA5657-63AF-45A9-8529-83BBB4949980}.Release|Any CPU.ActiveCfg = Release|Any CPU
		{8EAA5657-63AF-45A9-8529-83BBB4949980}.Release|Any CPU.Build.0 = Release|Any CPU
		{9EF39D30-01BA-40D3-BE43-CB67AD8C8948}.Debug|Any CPU.ActiveCfg = Debug|Any CPU
		{9EF39D30-01BA-40D3-BE43-CB67AD8C8948}.Debug|Any CPU.Build.0 = Debug|Any CPU
		{9EF39D30-01BA-40D3-BE43-CB67AD8C8948}.Release|Any CPU.ActiveCfg = Release|Any CPU
		{9EF39D30-01BA-40D3-BE43-CB67AD8C8948}.Release|Any CPU.Build.0 = Release|Any CPU
		{082C4622-9813-4F73-95F4-C75A89F28F2C}.Debug|Any CPU.ActiveCfg = Debug|Any CPU
		{082C4622-9813-4F73-95F4-C75A89F28F2C}.Debug|Any CPU.Build.0 = Debug|Any CPU
		{082C4622-9813-4F73-95F4-C75A89F28F2C}.Release|Any CPU.ActiveCfg = Release|Any CPU
		{082C4622-9813-4F73-95F4-C75A89F28F2C}.Release|Any CPU.Build.0 = Release|Any CPU
		{14E99C9E-BA0E-4144-82F2-53B45BC5EF53}.Debug|Any CPU.ActiveCfg = Debug|Any CPU
		{14E99C9E-BA0E-4144-82F2-53B45BC5EF53}.Debug|Any CPU.Build.0 = Debug|Any CPU
		{14E99C9E-BA0E-4144-82F2-53B45BC5EF53}.Release|Any CPU.ActiveCfg = Release|Any CPU
		{14E99C9E-BA0E-4144-82F2-53B45BC5EF53}.Release|Any CPU.Build.0 = Release|Any CPU
		{5A0506DB-167D-4BFD-BAC7-16137D93F95A}.Debug|Any CPU.ActiveCfg = Debug|Any CPU
		{5A0506DB-167D-4BFD-BAC7-16137D93F95A}.Debug|Any CPU.Build.0 = Debug|Any CPU
		{5A0506DB-167D-4BFD-BAC7-16137D93F95A}.Release|Any CPU.ActiveCfg = Release|Any CPU
		{5A0506DB-167D-4BFD-BAC7-16137D93F95A}.Release|Any CPU.Build.0 = Release|Any CPU
		{E896343A-E445-4E75-A7AB-3EE8B9E61494}.Debug|Any CPU.ActiveCfg = Debug|Any CPU
		{E896343A-E445-4E75-A7AB-3EE8B9E61494}.Debug|Any CPU.Build.0 = Debug|Any CPU
		{E896343A-E445-4E75-A7AB-3EE8B9E61494}.Release|Any CPU.ActiveCfg = Release|Any CPU
		{E896343A-E445-4E75-A7AB-3EE8B9E61494}.Release|Any CPU.Build.0 = Release|Any CPU
		{EADF75CC-90BD-43DF-8173-8A2DC29CEFB2}.Debug|Any CPU.ActiveCfg = Debug|Any CPU
		{EADF75CC-90BD-43DF-8173-8A2DC29CEFB2}.Debug|Any CPU.Build.0 = Debug|Any CPU
		{EADF75CC-90BD-43DF-8173-8A2DC29CEFB2}.Release|Any CPU.ActiveCfg = Release|Any CPU
		{EADF75CC-90BD-43DF-8173-8A2DC29CEFB2}.Release|Any CPU.Build.0 = Release|Any CPU
		{F048508C-5EC0-4F06-BC6E-3EB32BCC9228}.Debug|Any CPU.ActiveCfg = Debug|Any CPU
		{F048508C-5EC0-4F06-BC6E-3EB32BCC9228}.Debug|Any CPU.Build.0 = Debug|Any CPU
		{F048508C-5EC0-4F06-BC6E-3EB32BCC9228}.Release|Any CPU.ActiveCfg = Release|Any CPU
		{F048508C-5EC0-4F06-BC6E-3EB32BCC9228}.Release|Any CPU.Build.0 = Release|Any CPU
		{15EC7C87-C8DD-4B40-AD40-FB474C64CED8}.Debug|Any CPU.ActiveCfg = Debug|Any CPU
		{15EC7C87-C8DD-4B40-AD40-FB474C64CED8}.Debug|Any CPU.Build.0 = Debug|Any CPU
		{15EC7C87-C8DD-4B40-AD40-FB474C64CED8}.Release|Any CPU.ActiveCfg = Release|Any CPU
		{15EC7C87-C8DD-4B40-AD40-FB474C64CED8}.Release|Any CPU.Build.0 = Release|Any CPU
		{442C9992-0109-41D6-9B0F-336CD7473F0E}.Debug|Any CPU.ActiveCfg = Debug|Any CPU
		{442C9992-0109-41D6-9B0F-336CD7473F0E}.Debug|Any CPU.Build.0 = Debug|Any CPU
		{442C9992-0109-41D6-9B0F-336CD7473F0E}.Release|Any CPU.ActiveCfg = Release|Any CPU
		{442C9992-0109-41D6-9B0F-336CD7473F0E}.Release|Any CPU.Build.0 = Release|Any CPU
	EndGlobalSection
	GlobalSection(SolutionProperties) = preSolution
		HideSolutionNode = FALSE
	EndGlobalSection
	GlobalSection(ExtensibilityGlobals) = postSolution
		SolutionGuid = {D5B31476-72FF-4BE1-8E74-EC88D2E839F3}
	EndGlobalSection
EndGlobal
