
Microsoft Visual Studio Solution File, Format Version 12.00
# Visual Studio Version 17
VisualStudioVersion = 17.7.34031.279
MinimumVisualStudioVersion = 10.0.40219.1
Project("{FAE04EC0-301F-11D3-BF4B-00C04F79EFBC}") = "ProjetoPOO_26874", "ProjetoPOO_26874\ProjetoPOO_26874.csproj", "{9BB1AD70-70B9-4DE4-A244-F9B87DA4333D}"
EndProject
Project("{FAE04EC0-301F-11D3-BF4B-00C04F79EFBC}") = "Pessoas", "Pessoas\Pessoas.csproj", "{F4E84A86-5044-4377-9B59-6F51C10B5147}"
EndProject
Project("{FAE04EC0-301F-11D3-BF4B-00C04F79EFBC}") = "Assistencias", "Assistencias\Assistencias.csproj", "{8EAA5657-63AF-45A9-8529-83BBB4949980}"
EndProject
Project("{FAE04EC0-301F-11D3-BF4B-00C04F79EFBC}") = "Outros", "Outros\Outros.csproj", "{9EF39D30-01BA-40D3-BE43-CB67AD8C8948}"
EndProject
Global
	GlobalSection(SolutionConfigurationPlatforms) = preSolution
		Debug|Any CPU = Debug|Any CPU
		Release|Any CPU = Release|Any CPU
	EndGlobalSection
	GlobalSection(ProjectConfigurationPlatforms) = postSolution
		{9BB1AD70-70B9-4DE4-A244-F9B87DA4333D}.Debug|Any CPU.ActiveCfg = Debug|Any CPU
		{9BB1AD70-70B9-4DE4-A244-F9B87DA4333D}.Debug|Any CPU.Build.0 = Debug|Any CPU
		{9BB1AD70-70B9-4DE4-A244-F9B87DA4333D}.Release|Any CPU.ActiveCfg = Release|Any CPU
		{9BB1AD70-70B9-4DE4-A244-F9B87DA4333D}.Release|Any CPU.Build.0 = Release|Any CPU
		{F4E84A86-5044-4377-9B59-6F51C10B5147}.Debug|Any CPU.ActiveCfg = Debug|Any CPU
		{F4E84A86-5044-4377-9B59-6F51C10B5147}.Debug|Any CPU.Build.0 = Debug|Any CPU
		{F4E84A86-5044-4377-9B59-6F51C10B5147}.Release|Any CPU.ActiveCfg = Release|Any CPU
		{F4E84A86-5044-4377-9B59-6F51C10B5147}.Release|Any CPU.Build.0 = Release|Any CPU
		{8EAA5657-63AF-45A9-8529-83BBB4949980}.Debug|Any CPU.ActiveCfg = Debug|Any CPU
		{8EAA5657-63AF-45A9-8529-83BBB4949980}.Debug|Any CPU.Build.0 = Debug|Any CPU
		{8EAA5657-63AF-45A9-8529-83BBB4949980}.Release|Any CPU.ActiveCfg = Release|Any CPU
		{8EAA5657-63AF-45A9-8529-83BBB4949980}.Release|Any CPU.Build.0 = Release|Any CPU
		{9EF39D30-01BA-40D3-BE43-CB67AD8C8948}.Debug|Any CPU.ActiveCfg = Debug|Any CPU
		{9EF39D30-01BA-40D3-BE43-CB67AD8C8948}.Debug|Any CPU.Build.0 = Debug|Any CPU
		{9EF39D30-01BA-40D3-BE43-CB67AD8C8948}.Release|Any CPU.ActiveCfg = Release|Any CPU
		{9EF39D30-01BA-40D3-BE43-CB67AD8C8948}.Release|Any CPU.Build.0 = Release|Any CPU
	EndGlobalSection
	GlobalSection(SolutionProperties) = preSolution
		HideSolutionNode = FALSE
	EndGlobalSection
	GlobalSection(ExtensibilityGlobals) = postSolution
		SolutionGuid = {D5B31476-72FF-4BE1-8E74-EC88D2E839F3}
	EndGlobalSection
EndGlobal
